
Microsoft Visual Studio Solution File, Format Version 12.00
# Visual Studio Version 17
VisualStudioVersion = 17.13.35931.197
MinimumVisualStudioVersion = 10.0.40219.1
Project("{FAE04EC0-301F-11D3-BF4B-00C04F79EFBC}") = "REmanager", "RE manager\REmanager.csproj", "{98A0DCF4-388D-49EC-AC7A-1E33802C3FA4}"
EndProject
Project("{FAE04EC0-301F-11D3-BF4B-00C04F79EFBC}") = "EFDataAccessLibrary", "EFDataAccessLibrary\EFDataAccessLibrary.csproj", "{2194FDCE-9A6F-4BBE-B0FA-5A10A5E3ECD1}"
EndProject
Global
	GlobalSection(SolutionConfigurationPlatforms) = preSolution
		Debug|Any CPU = Debug|Any CPU
		Release|Any CPU = Release|Any CPU
	EndGlobalSection
	GlobalSection(ProjectConfigurationPlatforms) = postSolution
		{98A0DCF4-388D-49EC-AC7A-1E33802C3FA4}.Debug|Any CPU.ActiveCfg = Debug|Any CPU
		{98A0DCF4-388D-49EC-AC7A-1E33802C3FA4}.Debug|Any CPU.Build.0 = Debug|Any CPU
		{98A0DCF4-388D-49EC-AC7A-1E33802C3FA4}.Release|Any CPU.ActiveCfg = Release|Any CPU
		{98A0DCF4-388D-49EC-AC7A-1E33802C3FA4}.Release|Any CPU.Build.0 = Release|Any CPU
		{2194FDCE-9A6F-4BBE-B0FA-5A10A5E3ECD1}.Debug|Any CPU.ActiveCfg = Debug|Any CPU
		{2194FDCE-9A6F-4BBE-B0FA-5A10A5E3ECD1}.Debug|Any CPU.Build.0 = Debug|Any CPU
		{2194FDCE-9A6F-4BBE-B0FA-5A10A5E3ECD1}.Release|Any CPU.ActiveCfg = Release|Any CPU
		{2194FDCE-9A6F-4BBE-B0FA-5A10A5E3ECD1}.Release|Any CPU.Build.0 = Release|Any CPU
	EndGlobalSection
	GlobalSection(SolutionProperties) = preSolution
		HideSolutionNode = FALSE
	EndGlobalSection
	GlobalSection(ExtensibilityGlobals) = postSolution
		SolutionGuid = {E9D0C823-507A-4BDC-BF0E-298D61307FDA}
	EndGlobalSection
EndGlobal
